// !$*UTF8*$!
{
	archiveVersion = 1;
	classes = {
	};
	objectVersion = 48;
	objects = {

/* Begin PBXBuildFile section */
		87041F472043D9F400F53CF5 /* main.c in Sources */ = {isa = PBXBuildFile; fileRef = 87041F462043D9F400F53CF5 /* main.c */; };
		87041F502043DBBC00F53CF5 /* usart.c in Sources */ = {isa = PBXBuildFile; fileRef = 87041F4F2043DBBC00F53CF5 /* usart.c */; };
		877FEF362045069F00AC4C07 /* usart_read_thread.c in Sources */ = {isa = PBXBuildFile; fileRef = 877FEF352045069F00AC4C07 /* usart_read_thread.c */; };
/* End PBXBuildFile section */

/* Begin PBXCopyFilesBuildPhase section */
		87041F412043D9F400F53CF5 /* CopyFiles */ = {
			isa = PBXCopyFilesBuildPhase;
			buildActionMask = 2147483647;
			dstPath = /usr/share/man/man1/;
			dstSubfolderSpec = 0;
			files = (
			);
			runOnlyForDeploymentPostprocessing = 1;
		};
/* End PBXCopyFilesBuildPhase section */

/* Begin PBXFileReference section */
		87041F432043D9F400F53CF5 /* WorkToolsControl */ = {isa = PBXFileReference; explicitFileType = "compiled.mach-o.executable"; includeInIndex = 0; path = WorkToolsControl; sourceTree = BUILT_PRODUCTS_DIR; };
		87041F462043D9F400F53CF5 /* main.c */ = {isa = PBXFileReference; lastKnownFileType = sourcecode.c.c; path = main.c; sourceTree = "<group>"; };
		87041F4E2043DA8000F53CF5 /* usart.h */ = {isa = PBXFileReference; lastKnownFileType = sourcecode.c.h; path = usart.h; sourceTree = "<group>"; };
		87041F4F2043DBBC00F53CF5 /* usart.c */ = {isa = PBXFileReference; lastKnownFileType = sourcecode.c.c; path = usart.c; sourceTree = "<group>"; };
		877FEF342045069F00AC4C07 /* usart_read_thread.h */ = {isa = PBXFileReference; lastKnownFileType = sourcecode.c.h; path = usart_read_thread.h; sourceTree = "<group>"; };
		877FEF352045069F00AC4C07 /* usart_read_thread.c */ = {isa = PBXFileReference; lastKnownFileType = sourcecode.c.c; path = usart_read_thread.c; sourceTree = "<group>"; };
/* End PBXFileReference section */

/* Begin PBXFrameworksBuildPhase section */
		87041F402043D9F400F53CF5 /* Frameworks */ = {
			isa = PBXFrameworksBuildPhase;
			buildActionMask = 2147483647;
			files = (
			);
			runOnlyForDeploymentPostprocessing = 0;
		};
/* End PBXFrameworksBuildPhase section */

/* Begin PBXGroup section */
		87041F3A2043D9F400F53CF5 = {
			isa = PBXGroup;
			children = (
				87041F452043D9F400F53CF5 /* WorkToolsControl */,
				87041F442043D9F400F53CF5 /* Products */,
			);
			sourceTree = "<group>";
		};
		87041F442043D9F400F53CF5 /* Products */ = {
			isa = PBXGroup;
			children = (
				87041F432043D9F400F53CF5 /* WorkToolsControl */,
			);
			name = Products;
			sourceTree = "<group>";
		};
		87041F452043D9F400F53CF5 /* WorkToolsControl */ = {
			isa = PBXGroup;
			children = (
				87041F4D2043DA1100F53CF5 /* usart */,
				87041F462043D9F400F53CF5 /* main.c */,
			);
			path = WorkToolsControl;
			sourceTree = "<group>";
		};
		87041F4D2043DA1100F53CF5 /* usart */ = {
			isa = PBXGroup;
			children = (
				87041F4E2043DA8000F53CF5 /* usart.h */,
				87041F4F2043DBBC00F53CF5 /* usart.c */,
				877FEF342045069F00AC4C07 /* usart_read_thread.h */,
				877FEF352045069F00AC4C07 /* usart_read_thread.c */,
			);
			name = usart;
			sourceTree = "<group>";
		};
/* End PBXGroup section */

/* Begin PBXNativeTarget section */
		87041F422043D9F400F53CF5 /* WorkToolsControl */ = {
			isa = PBXNativeTarget;
			buildConfigurationList = 87041F4A2043D9F400F53CF5 /* Build configuration list for PBXNativeTarget "WorkToolsControl" */;
			buildPhases = (
				87041F3F2043D9F400F53CF5 /* Sources */,
				87041F402043D9F400F53CF5 /* Frameworks */,
				87041F412043D9F400F53CF5 /* CopyFiles */,
			);
			buildRules = (
			);
			dependencies = (
			);
			name = WorkToolsControl;
			productName = WorkToolsControl;
			productReference = 87041F432043D9F400F53CF5 /* WorkToolsControl */;
			productType = "com.apple.product-type.tool";
		};
/* End PBXNativeTarget section */

/* Begin PBXProject section */
		87041F3B2043D9F400F53CF5 /* Project object */ = {
			isa = PBXProject;
			attributes = {
				LastUpgradeCheck = 0920;
				ORGANIZATIONNAME = fwc;
				TargetAttributes = {
					87041F422043D9F400F53CF5 = {
						CreatedOnToolsVersion = 9.2;
						ProvisioningStyle = Automatic;
					};
				};
			};
			buildConfigurationList = 87041F3E2043D9F400F53CF5 /* Build configuration list for PBXProject "WorkToolsControl" */;
			compatibilityVersion = "Xcode 8.0";
			developmentRegion = en;
			hasScannedForEncodings = 0;
			knownRegions = (
				en,
			);
			mainGroup = 87041F3A2043D9F400F53CF5;
			productRefGroup = 87041F442043D9F400F53CF5 /* Products */;
			projectDirPath = "";
			projectRoot = "";
			targets = (
				87041F422043D9F400F53CF5 /* WorkToolsControl */,
			);
		};
/* End PBXProject section */

/* Begin PBXSourcesBuildPhase section */
		87041F3F2043D9F400F53CF5 /* Sources */ = {
			isa = PBXSourcesBuildPhase;
			buildActionMask = 2147483647;
			files = (
				877FEF362045069F00AC4C07 /* usart_read_thread.c in Sources */,
				87041F472043D9F400F53CF5 /* main.c in Sources */,
				87041F502043DBBC00F53CF5 /* usart.c in Sources */,
			);
			runOnlyForDeploymentPostprocessing = 0;
		};
/* End PBXSourcesBuildPhase section */

/* Begin XCBuildConfiguration section */
		87041F482043D9F400F53CF5 /* Debug */ = {
			isa = XCBuildConfiguration;
			buildSettings = {
				ALWAYS_SEARCH_USER_PATHS = NO;
				CLANG_ANALYZER_NONNULL = YES;
				CLANG_ANALYZER_NUMBER_OBJECT_CONVERSION = YES_AGGRESSIVE;
				CLANG_CXX_LANGUAGE_STANDARD = "gnu++14";
				CLANG_CXX_LIBRARY = "libc++";
				CLANG_ENABLE_MODULES = YES;
				CLANG_ENABLE_OBJC_ARC = YES;
				CLANG_WARN_BLOCK_CAPTURE_AUTORELEASING = YES;
				CLANG_WARN_BOOL_CONVERSION = YES;
				CLANG_WARN_COMMA = YES;
				CLANG_WARN_CONSTANT_CONVERSION = YES;
				CLANG_WARN_DIRECT_OBJC_ISA_USAGE = YES_ERROR;
				CLANG_WARN_DOCUMENTATION_COMMENTS = YES;
				CLANG_WARN_EMPTY_BODY = YES;
				CLANG_WARN_ENUM_CONVERSION = YES;
				CLANG_WARN_INFINITE_RECURSION = YES;
				CLANG_WARN_INT_CONVERSION = YES;
				CLANG_WARN_NON_LITERAL_NULL_CONVERSION = YES;
				CLANG_WARN_OBJC_LITERAL_CONVERSION = YES;
				CLANG_WARN_OBJC_ROOT_CLASS = YES_ERROR;
				CLANG_WARN_RANGE_LOOP_ANALYSIS = YES;
				CLANG_WARN_STRICT_PROTOTYPES = YES;
				CLANG_WARN_SUSPICIOUS_MOVE = YES;
				CLANG_WARN_UNGUARDED_AVAILABILITY = YES_AGGRESSIVE;
				CLANG_WARN_UNREACHABLE_CODE = YES;
				CLANG_WARN__DUPLICATE_METHOD_MATCH = YES;
				CODE_SIGN_IDENTITY = "-";
				COPY_PHASE_STRIP = NO;
				DEBUG_INFORMATION_FORMAT = dwarf;
				ENABLE_STRICT_OBJC_MSGSEND = YES;
				ENABLE_TESTABILITY = YES;
				GCC_C_LANGUAGE_STANDARD = gnu11;
				GCC_DYNAMIC_NO_PIC = NO;
				GCC_NO_COMMON_BLOCKS = YES;
				GCC_OPTIMIZATION_LEVEL = 0;
				GCC_PREPROCESSOR_DEFINITIONS = (
					"DEBUG=1",
					"$(inherited)",
				);
				GCC_WARN_64_TO_32_BIT_CONVERSION = YES;
				GCC_WARN_ABOUT_RETURN_TYPE = YES_ERROR;
				GCC_WARN_UNDECLARED_SELECTOR = YES;
				GCC_WARN_UNINITIALIZED_AUTOS = YES_AGGRESSIVE;
				GCC_WARN_UNUSED_FUNCTION = YES;
				GCC_WARN_UNUSED_VARIABLE = YES;
				MACOSX_DEPLOYMENT_TARGET = 10.13;
				MTL_ENABLE_DEBUG_INFO = YES;
				ONLY_ACTIVE_ARCH = YES;
				SDKROOT = macosx;
			};
			name = Debug;
		};
		87041F492043D9F400F53CF5 /* Release */ = {
			isa = XCBuildConfiguration;
			buildSettings = {
				ALWAYS_SEARCH_USER_PATHS = NO;
				CLANG_ANALYZER_NONNULL = YES;
				CLANG_ANALYZER_NUMBER_OBJECT_CONVERSION = YES_AGGRESSIVE;
				CLANG_CXX_LANGUAGE_STANDARD = "gnu++14";
				CLANG_CXX_LIBRARY = "libc++";
				CLANG_ENABLE_MODULES = YES;
				CLANG_ENABLE_OBJC_ARC = YES;
				CLANG_WARN_BLOCK_CAPTURE_AUTORELEASING = YES;
				CLANG_WARN_BOOL_CONVERSION = YES;
				CLANG_WARN_COMMA = YES;
				CLANG_WARN_CONSTANT_CONVERSION = YES;
				CLANG_WARN_DIRECT_OBJC_ISA_USAGE = YES_ERROR;
				CLANG_WARN_DOCUMENTATION_COMMENTS = YES;
				CLANG_WARN_EMPTY_BODY = YES;
				CLANG_WARN_ENUM_CONVERSION = YES;
				CLANG_WARN_INFINITE_RECURSION = YES;
				CLANG_WARN_INT_CONVERSION = YES;
				CLANG_WARN_NON_LITERAL_NULL_CONVERSION = YES;
				CLANG_WARN_OBJC_LITERAL_CONVERSION = YES;
				CLANG_WARN_OBJC_ROOT_CLASS = YES_ERROR;
				CLANG_WARN_RANGE_LOOP_ANALYSIS = YES;
				CLANG_WARN_STRICT_PROTOTYPES = YES;
				CLANG_WARN_SUSPICIOUS_MOVE = YES;
				CLANG_WARN_UNGUARDED_AVAILABILITY = YES_AGGRESSIVE;
				CLANG_WARN_UNREACHABLE_CODE = YES;
				CLANG_WARN__DUPLICATE_METHOD_MATCH = YES;
				CODE_SIGN_IDENTITY = "-";
				COPY_PHASE_STRIP = NO;
				DEBUG_INFORMATION_FORMAT = "dwarf-with-dsym";
				ENABLE_NS_ASSERTIONS = NO;
				ENABLE_STRICT_OBJC_MSGSEND = YES;
				GCC_C_LANGUAGE_STANDARD = gnu11;
				GCC_NO_COMMON_BLOCKS = YES;
				GCC_WARN_64_TO_32_BIT_CONVERSION = YES;
				GCC_WARN_ABOUT_RETURN_TYPE = YES_ERROR;
				GCC_WARN_UNDECLARED_SELECTOR = YES;
				GCC_WARN_UNINITIALIZED_AUTOS = YES_AGGRESSIVE;
				GCC_WARN_UNUSED_FUNCTION = YES;
				GCC_WARN_UNUSED_VARIABLE = YES;
				MACOSX_DEPLOYMENT_TARGET = 10.13;
				MTL_ENABLE_DEBUG_INFO = NO;
				SDKROOT = macosx;
			};
			name = Release;
		};
		87041F4B2043D9F400F53CF5 /* Debug */ = {
			isa = XCBuildConfiguration;
			buildSettings = {
				CODE_SIGN_STYLE = Automatic;
				PRODUCT_NAME = "$(TARGET_NAME)";
			};
			name = Debug;
		};
		87041F4C2043D9F400F53CF5 /* Release */ = {
			isa = XCBuildConfiguration;
			buildSettings = {
				CODE_SIGN_STYLE = Automatic;
				PRODUCT_NAME = "$(TARGET_NAME)";
			};
			name = Release;
		};
/* End XCBuildConfiguration section */

/* Begin XCConfigurationList section */
		87041F3E2043D9F400F53CF5 /* Build configuration list for PBXProject "WorkToolsControl" */ = {
			isa = XCConfigurationList;
			buildConfigurations = (
				87041F482043D9F400F53CF5 /* Debug */,
				87041F492043D9F400F53CF5 /* Release */,
			);
			defaultConfigurationIsVisible = 0;
			defaultConfigurationName = Release;
		};
		87041F4A2043D9F400F53CF5 /* Build configuration list for PBXNativeTarget "WorkToolsControl" */ = {
			isa = XCConfigurationList;
			buildConfigurations = (
				87041F4B2043D9F400F53CF5 /* Debug */,
				87041F4C2043D9F400F53CF5 /* Release */,
			);
			defaultConfigurationIsVisible = 0;
			defaultConfigurationName = Release;
		};
/* End XCConfigurationList section */
	};
	rootObject = 87041F3B2043D9F400F53CF5 /* Project object */;
}
